# This file was autogenerated by Stack.
# You should not edit this file by hand.
# For more information, please see the documentation at:
#   https://docs.haskellstack.org/en/stable/lock_files

packages:
- completed:
    hackage: cabal-info-0.1.0.0@sha256:0bdef35f941a737c828ee873eb5708f0fc5b1cf52cc519aad424610ed891983b,1812
    pantry-tree:
      sha256: 46d47a3e18bc39ee3ea1fa0c677d10aa159b4f41ea857191c4adb8602bd5a473
      size: 459
  original:
    hackage: cabal-info-0.1.0.0
- completed:
    hackage: STMonadTrans-0.4.4@sha256:437eec4fdf5f56e9cd4360e08ed7f8f9f5f02ff3f1d634a14dbc71e890035387,1946
    pantry-tree:
      sha256: 60c7ae0e1d9efb768ed969eda689adef56385712403e97ac2440ff7410216234
      size: 403
  original:
    hackage: STMonadTrans-0.4.4
snapshots:
- completed:
    sha256: 428ec8d5ce932190d3cbe266b9eb3c175cd81e984babf876b64019e2cbe4ea68
    size: 590100
    url: https://raw.githubusercontent.com/commercialhaskell/stackage-snapshots/master/lts/18/28.yaml
  original: lts-18.28
