# This file was autogenerated by Stack.
# You should not edit this file by hand.
# For more information, please see the documentation at:
#   https://docs.haskellstack.org/en/stable/lock_files

packages:
- completed:
    hackage: cabal-info-0.1.0.0@sha256:0bdef35f941a737c828ee873eb5708f0fc5b1cf52cc519aad424610ed891983b,1812
    pantry-tree:
      sha256: 46d47a3e18bc39ee3ea1fa0c677d10aa159b4f41ea857191c4adb8602bd5a473
      size: 459
  original:
    hackage: cabal-info-0.1.0.0
snapshots:
- completed:
    sha256: adbc602422dde10cc330175da7de8609e70afc41449a7e2d6e8b1827aa0e5008
    size: 649342
    url: https://raw.githubusercontent.com/commercialhaskell/stackage-snapshots/master/lts/20/11.yaml
  original: lts-20.11
